// !$*UTF8*$!
{
	archiveVersion = 1;
	classes = {
	};
	objectVersion = 55;
	objects = {

/* Begin PBXBuildFile section */
		7F9AECE7DB80F5B152FA0D69 /* Pods_Tets_Framework.framework in Frameworks */ = {isa = PBXBuildFile; fileRef = 42CA2F9A5D9DEC311E22B1A2 /* Pods_Tets_Framework.framework */; };
		E28D8B57278D9CFE007A1DE0 /* AppDelegate.swift in Sources */ = {isa = PBXBuildFile; fileRef = E28D8B56278D9CFE007A1DE0 /* AppDelegate.swift */; };
		E28D8B59278D9CFE007A1DE0 /* SceneDelegate.swift in Sources */ = {isa = PBXBuildFile; fileRef = E28D8B58278D9CFE007A1DE0 /* SceneDelegate.swift */; };
		E28D8B5B278D9CFE007A1DE0 /* MainViewController.swift in Sources */ = {isa = PBXBuildFile; fileRef = E28D8B5A278D9CFE007A1DE0 /* MainViewController.swift */; };
		E28D8B5E278D9CFE007A1DE0 /* Main.storyboard in Resources */ = {isa = PBXBuildFile; fileRef = E28D8B5C278D9CFE007A1DE0 /* Main.storyboard */; };
		E28D8B60278D9CFF007A1DE0 /* Assets.xcassets in Resources */ = {isa = PBXBuildFile; fileRef = E28D8B5F278D9CFF007A1DE0 /* Assets.xcassets */; };
		E28D8B63278D9CFF007A1DE0 /* LaunchScreen.storyboard in Resources */ = {isa = PBXBuildFile; fileRef = E28D8B61278D9CFF007A1DE0 /* LaunchScreen.storyboard */; };
/* End PBXBuildFile section */

/* Begin PBXFileReference section */
		0B769B41A2D3FB478885A6DE /* Pods-Tets Framework.release.xcconfig */ = {isa = PBXFileReference; includeInIndex = 1; lastKnownFileType = text.xcconfig; name = "Pods-Tets Framework.release.xcconfig"; path = "Target Support Files/Pods-Tets Framework/Pods-Tets Framework.release.xcconfig"; sourceTree = "<group>"; };
		42CA2F9A5D9DEC311E22B1A2 /* Pods_Tets_Framework.framework */ = {isa = PBXFileReference; explicitFileType = wrapper.framework; includeInIndex = 0; path = Pods_Tets_Framework.framework; sourceTree = BUILT_PRODUCTS_DIR; };
		69EB3367AB78E00EDAAB4F39 /* Pods-Tets Framework.debug.xcconfig */ = {isa = PBXFileReference; includeInIndex = 1; lastKnownFileType = text.xcconfig; name = "Pods-Tets Framework.debug.xcconfig"; path = "Target Support Files/Pods-Tets Framework/Pods-Tets Framework.debug.xcconfig"; sourceTree = "<group>"; };
		E28D8B53278D9CFE007A1DE0 /* Tets Framework.app */ = {isa = PBXFileReference; explicitFileType = wrapper.application; includeInIndex = 0; path = "Tets Framework.app"; sourceTree = BUILT_PRODUCTS_DIR; };
		E28D8B56278D9CFE007A1DE0 /* AppDelegate.swift */ = {isa = PBXFileReference; lastKnownFileType = sourcecode.swift; path = AppDelegate.swift; sourceTree = "<group>"; };
		E28D8B58278D9CFE007A1DE0 /* SceneDelegate.swift */ = {isa = PBXFileReference; lastKnownFileType = sourcecode.swift; path = SceneDelegate.swift; sourceTree = "<group>"; };
		E28D8B5A278D9CFE007A1DE0 /* MainViewController.swift */ = {isa = PBXFileReference; lastKnownFileType = sourcecode.swift; path = MainViewController.swift; sourceTree = "<group>"; };
		E28D8B5D278D9CFE007A1DE0 /* Base */ = {isa = PBXFileReference; lastKnownFileType = file.storyboard; name = Base; path = Base.lproj/Main.storyboard; sourceTree = "<group>"; };
		E28D8B5F278D9CFF007A1DE0 /* Assets.xcassets */ = {isa = PBXFileReference; lastKnownFileType = folder.assetcatalog; path = Assets.xcassets; sourceTree = "<group>"; };
		E28D8B62278D9CFF007A1DE0 /* Base */ = {isa = PBXFileReference; lastKnownFileType = file.storyboard; name = Base; path = Base.lproj/LaunchScreen.storyboard; sourceTree = "<group>"; };
		E28D8B64278D9CFF007A1DE0 /* Info.plist */ = {isa = PBXFileReference; lastKnownFileType = text.plist.xml; path = Info.plist; sourceTree = "<group>"; };
/* End PBXFileReference section */

/* Begin PBXFrameworksBuildPhase section */
		E28D8B50278D9CFE007A1DE0 /* Frameworks */ = {
			isa = PBXFrameworksBuildPhase;
			buildActionMask = 2147483647;
			files = (
				7F9AECE7DB80F5B152FA0D69 /* Pods_Tets_Framework.framework in Frameworks */,
			);
			runOnlyForDeploymentPostprocessing = 0;
		};
/* End PBXFrameworksBuildPhase section */

/* Begin PBXGroup section */
		483D6BED8DF7AB29B54682CD /* Frameworks */ = {
			isa = PBXGroup;
			children = (
				42CA2F9A5D9DEC311E22B1A2 /* Pods_Tets_Framework.framework */,
			);
			name = Frameworks;
			sourceTree = "<group>";
		};
		E2052AEC278DA02B00BFCB11 /* Viewcontrolers */ = {
			isa = PBXGroup;
			children = (
				E28D8B5A278D9CFE007A1DE0 /* MainViewController.swift */,
			);
			path = Viewcontrolers;
			sourceTree = "<group>";
		};
		E2052AED278DA04500BFCB11 /* Storyboards */ = {
			isa = PBXGroup;
			children = (
				E28D8B5C278D9CFE007A1DE0 /* Main.storyboard */,
				E28D8B61278D9CFF007A1DE0 /* LaunchScreen.storyboard */,
			);
			path = Storyboards;
			sourceTree = "<group>";
		};
		E2052AEE278DA05800BFCB11 /* Files */ = {
			isa = PBXGroup;
			children = (
				E28D8B5F278D9CFF007A1DE0 /* Assets.xcassets */,
			);
			path = Files;
			sourceTree = "<group>";
		};
		E2052AEF278DA05F00BFCB11 /* Support */ = {
			isa = PBXGroup;
			children = (
				E28D8B56278D9CFE007A1DE0 /* AppDelegate.swift */,
				E28D8B58278D9CFE007A1DE0 /* SceneDelegate.swift */,
				E28D8B64278D9CFF007A1DE0 /* Info.plist */,
			);
			path = Support;
			sourceTree = "<group>";
		};
		E28D8B4A278D9CFE007A1DE0 = {
			isa = PBXGroup;
			children = (
				E28D8B55278D9CFE007A1DE0 /* Tets Framework */,
				E28D8B54278D9CFE007A1DE0 /* Products */,
				F8F56443A1E5D826A03A9D31 /* Pods */,
				483D6BED8DF7AB29B54682CD /* Frameworks */,
			);
			sourceTree = "<group>";
		};
		E28D8B54278D9CFE007A1DE0 /* Products */ = {
			isa = PBXGroup;
			children = (
				E28D8B53278D9CFE007A1DE0 /* Tets Framework.app */,
			);
			name = Products;
			sourceTree = "<group>";
		};
		E28D8B55278D9CFE007A1DE0 /* Tets Framework */ = {
			isa = PBXGroup;
			children = (
				E2052AEF278DA05F00BFCB11 /* Support */,
				E2052AEE278DA05800BFCB11 /* Files */,
				E2052AED278DA04500BFCB11 /* Storyboards */,
				E2052AEC278DA02B00BFCB11 /* Viewcontrolers */,
			);
			path = "Tets Framework";
			sourceTree = "<group>";
		};
		F8F56443A1E5D826A03A9D31 /* Pods */ = {
			isa = PBXGroup;
			children = (
				69EB3367AB78E00EDAAB4F39 /* Pods-Tets Framework.debug.xcconfig */,
				0B769B41A2D3FB478885A6DE /* Pods-Tets Framework.release.xcconfig */,
			);
			path = Pods;
			sourceTree = "<group>";
		};
/* End PBXGroup section */

/* Begin PBXNativeTarget section */
		E28D8B52278D9CFE007A1DE0 /* Tets Framework */ = {
			isa = PBXNativeTarget;
			buildConfigurationList = E28D8B67278D9CFF007A1DE0 /* Build configuration list for PBXNativeTarget "Tets Framework" */;
			buildPhases = (
				AB5D4798084D3176E8FA3D49 /* [CP] Check Pods Manifest.lock */,
				E28D8B4F278D9CFE007A1DE0 /* Sources */,
				E28D8B50278D9CFE007A1DE0 /* Frameworks */,
				E28D8B51278D9CFE007A1DE0 /* Resources */,
				50C2B793840380C921F1CF9B /* [CP] Embed Pods Frameworks */,
			);
			buildRules = (
			);
			dependencies = (
			);
			name = "Tets Framework";
			productName = "Tets Framework";
			productReference = E28D8B53278D9CFE007A1DE0 /* Tets Framework.app */;
			productType = "com.apple.product-type.application";
		};
/* End PBXNativeTarget section */

/* Begin PBXProject section */
		E28D8B4B278D9CFE007A1DE0 /* Project object */ = {
			isa = PBXProject;
			attributes = {
				BuildIndependentTargetsInParallel = 1;
				LastSwiftUpdateCheck = 1320;
				LastUpgradeCheck = 1320;
				TargetAttributes = {
					E28D8B52278D9CFE007A1DE0 = {
						CreatedOnToolsVersion = 13.2.1;
					};
				};
			};
			buildConfigurationList = E28D8B4E278D9CFE007A1DE0 /* Build configuration list for PBXProject "Tets Framework" */;
			compatibilityVersion = "Xcode 13.0";
			developmentRegion = en;
			hasScannedForEncodings = 0;
			knownRegions = (
				en,
				Base,
			);
			mainGroup = E28D8B4A278D9CFE007A1DE0;
			productRefGroup = E28D8B54278D9CFE007A1DE0 /* Products */;
			projectDirPath = "";
			projectRoot = "";
			targets = (
				E28D8B52278D9CFE007A1DE0 /* Tets Framework */,
			);
		};
/* End PBXProject section */

/* Begin PBXResourcesBuildPhase section */
		E28D8B51278D9CFE007A1DE0 /* Resources */ = {
			isa = PBXResourcesBuildPhase;
			buildActionMask = 2147483647;
			files = (
				E28D8B63278D9CFF007A1DE0 /* LaunchScreen.storyboard in Resources */,
				E28D8B60278D9CFF007A1DE0 /* Assets.xcassets in Resources */,
				E28D8B5E278D9CFE007A1DE0 /* Main.storyboard in Resources */,
			);
			runOnlyForDeploymentPostprocessing = 0;
		};
/* End PBXResourcesBuildPhase section */

/* Begin PBXShellScriptBuildPhase section */
		50C2B793840380C921F1CF9B /* [CP] Embed Pods Frameworks */ = {
			isa = PBXShellScriptBuildPhase;
			buildActionMask = 2147483647;
			files = (
			);
			inputFileListPaths = (
				"${PODS_ROOT}/Target Support Files/Pods-Tets Framework/Pods-Tets Framework-frameworks-${CONFIGURATION}-input-files.xcfilelist",
			);
			name = "[CP] Embed Pods Frameworks";
			outputFileListPaths = (
				"${PODS_ROOT}/Target Support Files/Pods-Tets Framework/Pods-Tets Framework-frameworks-${CONFIGURATION}-output-files.xcfilelist",
			);
			runOnlyForDeploymentPostprocessing = 0;
			shellPath = /bin/sh;
			shellScript = "\"${PODS_ROOT}/Target Support Files/Pods-Tets Framework/Pods-Tets Framework-frameworks.sh\"\n";
			showEnvVarsInLog = 0;
		};
		AB5D4798084D3176E8FA3D49 /* [CP] Check Pods Manifest.lock */ = {
			isa = PBXShellScriptBuildPhase;
			buildActionMask = 2147483647;
			files = (
			);
			inputFileListPaths = (
			);
			inputPaths = (
				"${PODS_PODFILE_DIR_PATH}/Podfile.lock",
				"${PODS_ROOT}/Manifest.lock",
			);
			name = "[CP] Check Pods Manifest.lock";
			outputFileListPaths = (
			);
			outputPaths = (
				"$(DERIVED_FILE_DIR)/Pods-Tets Framework-checkManifestLockResult.txt",
			);
			runOnlyForDeploymentPostprocessing = 0;
			shellPath = /bin/sh;
			shellScript = "diff \"${PODS_PODFILE_DIR_PATH}/Podfile.lock\" \"${PODS_ROOT}/Manifest.lock\" > /dev/null\nif [ $? != 0 ] ; then\n    # print error to STDERR\n    echo \"error: The sandbox is not in sync with the Podfile.lock. Run 'pod install' or update your CocoaPods installation.\" >&2\n    exit 1\nfi\n# This output is used by Xcode 'outputs' to avoid re-running this script phase.\necho \"SUCCESS\" > \"${SCRIPT_OUTPUT_FILE_0}\"\n";
			showEnvVarsInLog = 0;
		};
/* End PBXShellScriptBuildPhase section */

/* Begin PBXSourcesBuildPhase section */
		E28D8B4F278D9CFE007A1DE0 /* Sources */ = {
			isa = PBXSourcesBuildPhase;
			buildActionMask = 2147483647;
			files = (
				E28D8B5B278D9CFE007A1DE0 /* MainViewController.swift in Sources */,
				E28D8B57278D9CFE007A1DE0 /* AppDelegate.swift in Sources */,
				E28D8B59278D9CFE007A1DE0 /* SceneDelegate.swift in Sources */,
			);
			runOnlyForDeploymentPostprocessing = 0;
		};
/* End PBXSourcesBuildPhase section */

/* Begin PBXVariantGroup section */
		E28D8B5C278D9CFE007A1DE0 /* Main.storyboard */ = {
			isa = PBXVariantGroup;
			children = (
				E28D8B5D278D9CFE007A1DE0 /* Base */,
			);
			name = Main.storyboard;
			sourceTree = "<group>";
		};
		E28D8B61278D9CFF007A1DE0 /* LaunchScreen.storyboard */ = {
			isa = PBXVariantGroup;
			children = (
				E28D8B62278D9CFF007A1DE0 /* Base */,
			);
			name = LaunchScreen.storyboard;
			sourceTree = "<group>";
		};
/* End PBXVariantGroup section */

/* Begin XCBuildConfiguration section */
		E28D8B65278D9CFF007A1DE0 /* Debug */ = {
			isa = XCBuildConfiguration;
			buildSettings = {
				ALWAYS_SEARCH_USER_PATHS = NO;
				CLANG_ANALYZER_NONNULL = YES;
				CLANG_ANALYZER_NUMBER_OBJECT_CONVERSION = YES_AGGRESSIVE;
				CLANG_CXX_LANGUAGE_STANDARD = "gnu++17";
				CLANG_CXX_LIBRARY = "libc++";
				CLANG_ENABLE_MODULES = YES;
				CLANG_ENABLE_OBJC_ARC = YES;
				CLANG_ENABLE_OBJC_WEAK = YES;
				CLANG_WARN_BLOCK_CAPTURE_AUTORELEASING = YES;
				CLANG_WARN_BOOL_CONVERSION = YES;
				CLANG_WARN_COMMA = YES;
				CLANG_WARN_CONSTANT_CONVERSION = YES;
				CLANG_WARN_DEPRECATED_OBJC_IMPLEMENTATIONS = YES;
				CLANG_WARN_DIRECT_OBJC_ISA_USAGE = YES_ERROR;
				CLANG_WARN_DOCUMENTATION_COMMENTS = YES;
				CLANG_WARN_EMPTY_BODY = YES;
				CLANG_WARN_ENUM_CONVERSION = YES;
				CLANG_WARN_INFINITE_RECURSION = YES;
				CLANG_WARN_INT_CONVERSION = YES;
				CLANG_WARN_NON_LITERAL_NULL_CONVERSION = YES;
				CLANG_WARN_OBJC_IMPLICIT_RETAIN_SELF = YES;
				CLANG_WARN_OBJC_LITERAL_CONVERSION = YES;
				CLANG_WARN_OBJC_ROOT_CLASS = YES_ERROR;
				CLANG_WARN_QUOTED_INCLUDE_IN_FRAMEWORK_HEADER = YES;
				CLANG_WARN_RANGE_LOOP_ANALYSIS = YES;
				CLANG_WARN_STRICT_PROTOTYPES = YES;
				CLANG_WARN_SUSPICIOUS_MOVE = YES;
				CLANG_WARN_UNGUARDED_AVAILABILITY = YES_AGGRESSIVE;
				CLANG_WARN_UNREACHABLE_CODE = YES;
				CLANG_WARN__DUPLICATE_METHOD_MATCH = YES;
				COPY_PHASE_STRIP = NO;
				DEBUG_INFORMATION_FORMAT = dwarf;
				ENABLE_STRICT_OBJC_MSGSEND = YES;
				ENABLE_TESTABILITY = YES;
				GCC_C_LANGUAGE_STANDARD = gnu11;
				GCC_DYNAMIC_NO_PIC = NO;
				GCC_NO_COMMON_BLOCKS = YES;
				GCC_OPTIMIZATION_LEVEL = 0;
				GCC_PREPROCESSOR_DEFINITIONS = (
					"DEBUG=1",
					"$(inherited)",
				);
				GCC_WARN_64_TO_32_BIT_CONVERSION = YES;
				GCC_WARN_ABOUT_RETURN_TYPE = YES_ERROR;
				GCC_WARN_UNDECLARED_SELECTOR = YES;
				GCC_WARN_UNINITIALIZED_AUTOS = YES_AGGRESSIVE;
				GCC_WARN_UNUSED_FUNCTION = YES;
				GCC_WARN_UNUSED_VARIABLE = YES;
				IPHONEOS_DEPLOYMENT_TARGET = 15.2;
				MTL_ENABLE_DEBUG_INFO = INCLUDE_SOURCE;
				MTL_FAST_MATH = YES;
				ONLY_ACTIVE_ARCH = YES;
				SDKROOT = iphoneos;
				SWIFT_ACTIVE_COMPILATION_CONDITIONS = DEBUG;
				SWIFT_OPTIMIZATION_LEVEL = "-Onone";
			};
			name = Debug;
		};
		E28D8B66278D9CFF007A1DE0 /* Release */ = {
			isa = XCBuildConfiguration;
			buildSettings = {
				ALWAYS_SEARCH_USER_PATHS = NO;
				CLANG_ANALYZER_NONNULL = YES;
				CLANG_ANALYZER_NUMBER_OBJECT_CONVERSION = YES_AGGRESSIVE;
				CLANG_CXX_LANGUAGE_STANDARD = "gnu++17";
				CLANG_CXX_LIBRARY = "libc++";
				CLANG_ENABLE_MODULES = YES;
				CLANG_ENABLE_OBJC_ARC = YES;
				CLANG_ENABLE_OBJC_WEAK = YES;
				CLANG_WARN_BLOCK_CAPTURE_AUTORELEASING = YES;
				CLANG_WARN_BOOL_CONVERSION = YES;
				CLANG_WARN_COMMA = YES;
				CLANG_WARN_CONSTANT_CONVERSION = YES;
				CLANG_WARN_DEPRECATED_OBJC_IMPLEMENTATIONS = YES;
				CLANG_WARN_DIRECT_OBJC_ISA_USAGE = YES_ERROR;
				CLANG_WARN_DOCUMENTATION_COMMENTS = YES;
				CLANG_WARN_EMPTY_BODY = YES;
				CLANG_WARN_ENUM_CONVERSION = YES;
				CLANG_WARN_INFINITE_RECURSION = YES;
				CLANG_WARN_INT_CONVERSION = YES;
				CLANG_WARN_NON_LITERAL_NULL_CONVERSION = YES;
				CLANG_WARN_OBJC_IMPLICIT_RETAIN_SELF = YES;
				CLANG_WARN_OBJC_LITERAL_CONVERSION = YES;
				CLANG_WARN_OBJC_ROOT_CLASS = YES_ERROR;
				CLANG_WARN_QUOTED_INCLUDE_IN_FRAMEWORK_HEADER = YES;
				CLANG_WARN_RANGE_LOOP_ANALYSIS = YES;
				CLANG_WARN_STRICT_PROTOTYPES = YES;
				CLANG_WARN_SUSPICIOUS_MOVE = YES;
				CLANG_WARN_UNGUARDED_AVAILABILITY = YES_AGGRESSIVE;
				CLANG_WARN_UNREACHABLE_CODE = YES;
				CLANG_WARN__DUPLICATE_METHOD_MATCH = YES;
				COPY_PHASE_STRIP = NO;
				DEBUG_INFORMATION_FORMAT = "dwarf-with-dsym";
				ENABLE_NS_ASSERTIONS = NO;
				ENABLE_STRICT_OBJC_MSGSEND = YES;
				GCC_C_LANGUAGE_STANDARD = gnu11;
				GCC_NO_COMMON_BLOCKS = YES;
				GCC_WARN_64_TO_32_BIT_CONVERSION = YES;
				GCC_WARN_ABOUT_RETURN_TYPE = YES_ERROR;
				GCC_WARN_UNDECLARED_SELECTOR = YES;
				GCC_WARN_UNINITIALIZED_AUTOS = YES_AGGRESSIVE;
				GCC_WARN_UNUSED_FUNCTION = YES;
				GCC_WARN_UNUSED_VARIABLE = YES;
				IPHONEOS_DEPLOYMENT_TARGET = 15.2;
				MTL_ENABLE_DEBUG_INFO = NO;
				MTL_FAST_MATH = YES;
				SDKROOT = iphoneos;
				SWIFT_COMPILATION_MODE = wholemodule;
				SWIFT_OPTIMIZATION_LEVEL = "-O";
				VALIDATE_PRODUCT = YES;
			};
			name = Release;
		};
		E28D8B68278D9CFF007A1DE0 /* Debug */ = {
			isa = XCBuildConfiguration;
			baseConfigurationReference = 69EB3367AB78E00EDAAB4F39 /* Pods-Tets Framework.debug.xcconfig */;
			buildSettings = {
				ASSETCATALOG_COMPILER_APPICON_NAME = AppIcon;
				ASSETCATALOG_COMPILER_GLOBAL_ACCENT_COLOR_NAME = AccentColor;
				CODE_SIGN_STYLE = Automatic;
				CURRENT_PROJECT_VERSION = 1;
				DEVELOPMENT_TEAM = QD5349NP78;
				GENERATE_INFOPLIST_FILE = YES;
				INFOPLIST_FILE = "Tets Framework/Support/Info.plist";
				INFOPLIST_KEY_UIApplicationSupportsIndirectInputEvents = YES;
				INFOPLIST_KEY_UILaunchStoryboardName = LaunchScreen;
				INFOPLIST_KEY_UIMainStoryboardFile = Main;
				INFOPLIST_KEY_UISupportedInterfaceOrientations_iPad = "UIInterfaceOrientationPortrait UIInterfaceOrientationPortraitUpsideDown UIInterfaceOrientationLandscapeLeft UIInterfaceOrientationLandscapeRight";
				INFOPLIST_KEY_UISupportedInterfaceOrientations_iPhone = "UIInterfaceOrientationPortrait UIInterfaceOrientationLandscapeLeft UIInterfaceOrientationLandscapeRight";
				LD_RUNPATH_SEARCH_PATHS = (
					"$(inherited)",
					"@executable_path/Frameworks",
				);
				MARKETING_VERSION = 1.0;
				PRODUCT_BUNDLE_IDENTIFIER = "Panin.Tets-Framework";
				PRODUCT_NAME = "$(TARGET_NAME)";
				SWIFT_EMIT_LOC_STRINGS = YES;
				SWIFT_VERSION = 5.0;
				TARGETED_DEVICE_FAMILY = "1,2";
			};
			name = Debug;
		};
		E28D8B69278D9CFF007A1DE0 /* Release */ = {
			isa = XCBuildConfiguration;
			baseConfigurationReference = 0B769B41A2D3FB478885A6DE /* Pods-Tets Framework.release.xcconfig */;
			buildSettings = {
				ASSETCATALOG_COMPILER_APPICON_NAME = AppIcon;
				ASSETCATALOG_COMPILER_GLOBAL_ACCENT_COLOR_NAME = AccentColor;
				CODE_SIGN_STYLE = Automatic;
				CURRENT_PROJECT_VERSION = 1;
				DEVELOPMENT_TEAM = QD5349NP78;
				GENERATE_INFOPLIST_FILE = YES;
				INFOPLIST_FILE = "Tets Framework/Support/Info.plist";
				INFOPLIST_KEY_UIApplicationSupportsIndirectInputEvents = YES;
				INFOPLIST_KEY_UILaunchStoryboardName = LaunchScreen;
				INFOPLIST_KEY_UIMainStoryboardFile = Main;
				INFOPLIST_KEY_UISupportedInterfaceOrientations_iPad = "UIInterfaceOrientationPortrait UIInterfaceOrientationPortraitUpsideDown UIInterfaceOrientationLandscapeLeft UIInterfaceOrientationLandscapeRight";
				INFOPLIST_KEY_UISupportedInterfaceOrientations_iPhone = "UIInterfaceOrientationPortrait UIInterfaceOrientationLandscapeLeft UIInterfaceOrientationLandscapeRight";
				LD_RUNPATH_SEARCH_PATHS = (
					"$(inherited)",
					"@executable_path/Frameworks",
				);
				MARKETING_VERSION = 1.0;
				PRODUCT_BUNDLE_IDENTIFIER = "Panin.Tets-Framework";
				PRODUCT_NAME = "$(TARGET_NAME)";
				SWIFT_EMIT_LOC_STRINGS = YES;
				SWIFT_VERSION = 5.0;
				TARGETED_DEVICE_FAMILY = "1,2";
			};
			name = Release;
		};
/* End XCBuildConfiguration section */

/* Begin XCConfigurationList section */
		E28D8B4E278D9CFE007A1DE0 /* Build configuration list for PBXProject "Tets Framework" */ = {
			isa = XCConfigurationList;
			buildConfigurations = (
				E28D8B65278D9CFF007A1DE0 /* Debug */,
				E28D8B66278D9CFF007A1DE0 /* Release */,
			);
			defaultConfigurationIsVisible = 0;
			defaultConfigurationName = Release;
		};
		E28D8B67278D9CFF007A1DE0 /* Build configuration list for PBXNativeTarget "Tets Framework" */ = {
			isa = XCConfigurationList;
			buildConfigurations = (
				E28D8B68278D9CFF007A1DE0 /* Debug */,
				E28D8B69278D9CFF007A1DE0 /* Release */,
			);
			defaultConfigurationIsVisible = 0;
			defaultConfigurationName = Release;
		};
/* End XCConfigurationList section */
	};
	rootObject = E28D8B4B278D9CFE007A1DE0 /* Project object */;
}
